
Microsoft Visual Studio Solution File, Format Version 12.00
# Visual Studio Version 16
VisualStudioVersion = 16.0.32002.261
MinimumVisualStudioVersion = 10.0.40219.1
Project("{FAE04EC0-301F-11D3-BF4B-00C04F79EFBC}") = "Intex_Semester_2", "Intex_Semester_2.csproj", "{8ED92B03-0B72-455F-8F57-2893ADA04CF3}"
EndProject
Global
	GlobalSection(SolutionConfigurationPlatforms) = preSolution
		Debug|Any CPU = Debug|Any CPU
		Release|Any CPU = Release|Any CPU
	EndGlobalSection
	GlobalSection(ProjectConfigurationPlatforms) = postSolution
		{8ED92B03-0B72-455F-8F57-2893ADA04CF3}.Debug|Any CPU.ActiveCfg = Debug|Any CPU
		{8ED92B03-0B72-455F-8F57-2893ADA04CF3}.Debug|Any CPU.Build.0 = Debug|Any CPU
		{8ED92B03-0B72-455F-8F57-2893ADA04CF3}.Release|Any CPU.ActiveCfg = Release|Any CPU
		{8ED92B03-0B72-455F-8F57-2893ADA04CF3}.Release|Any CPU.Build.0 = Release|Any CPU
	EndGlobalSection
	GlobalSection(SolutionProperties) = preSolution
		HideSolutionNode = FALSE
	EndGlobalSection
	GlobalSection(ExtensibilityGlobals) = postSolution
		SolutionGuid = {560B1E30-0E46-49A8-981D-FC1F6B449828}
	EndGlobalSection
EndGlobal
